{
    "_readme": [
        "This file locks the dependencies of your project to a known state",
        "Read more about it at https://getcomposer.org/doc/01-basic-usage.md#installing-dependencies",
        "This file is @generated automatically"
    ],
    "content-hash": "c11cc16def9ead6aaa36f18b1a702238",
    "packages": [
        {
            "name": "andrey-helldar/pretty-array",
            "version": "v1.1.0",
            "source": {
                "type": "git",
                "url": "https://github.com/andrey-helldar/pretty-array.git",
                "reference": "c0f087902d19a63f08fad0c420d3f4ad033eaecb"
            },
            "dist": {
                "type": "zip",
                "url": "https://api.github.com/repos/andrey-helldar/pretty-array/zipball/c0f087902d19a63f08fad0c420d3f4ad033eaecb",
                "reference": "c0f087902d19a63f08fad0c420d3f4ad033eaecb",
                "shasum": ""
            },
            "require": {
                "andrey-helldar/support": "^1.16.0",
                "ext-dom": "*",
                "ext-mbstring": "*",
                "php": "^7.1.3"
            },
            "require-dev": {
                "phpstan/phpstan": "^0.12.7",
                "phpunit/phpunit": "^7.0|^8.0"
            },
            "suggest": {
                "symfony/thanks": "Give thanks (in the form of a GitHub) to your fellow PHP package maintainers"
            },
            "type": "library",
            "autoload": {
                "psr-4": {
                    "Helldar\\PrettyArray\\": "src/"
                }
            },
            "notification-url": "https://packagist.org/downloads/",
            "license": [
                "MIT"
            ],
            "authors": [
                {
                    "name": "Andrey Helldar",
                    "email": "helldar@ai-rus.com"
                }
            ],
            "description": "Simple conversion of an array to a pretty view.",
            "keywords": [
                "array",
                "pretty",
                "pretty array"
            ],
            "time": "2020-01-27T09:57:35+00:00"
        },
        {
            "name": "andrey-helldar/support",
            "version": "v1.16.0",
            "source": {
                "type": "git",
                "url": "https://github.com/andrey-helldar/support.git",
                "reference": "859dbda14c96880ccb6d5cec7bbe61a17a6089d1"
            },
            "dist": {
                "type": "zip",
                "url": "https://api.github.com/repos/andrey-helldar/support/zipball/859dbda14c96880ccb6d5cec7bbe61a17a6089d1",
                "reference": "859dbda14c96880ccb6d5cec7bbe61a17a6089d1",
                "shasum": ""
            },
            "require": {
                "ext-bcmath": "*",
                "ext-dom": "*",
                "ext-json": "*",
                "ext-mbstring": "*",
                "php": "^7.1.3"
            },
            "require-dev": {
                "phpunit/phpunit": "^8.0"
            },
            "suggest": {
                "illuminate/database": "For using methods from the Dumper class and Eloquent helpers in Laravel framework",
                "symfony/thanks": "Give thanks (in the form of a GitHub) to your fellow PHP package maintainers",
                "webpatser/laravel-uuid": "For using Laravel Eloquent abstract classes."
            },
            "type": "library",
            "extra": {
                "laravel": {
                    "providers": [
                        "Helldar\\Support\\ServiceProvider"
                    ]
                }
            },
            "autoload": {
                "psr-4": {
                    "Helldar\\Support\\": "src/"
                },
                "files": [
                    "src/helpers/digit.php",
                    "src/helpers/dumper.php",
                    "src/helpers/http.php",
                    "src/helpers/strings.php"
                ]
            },
            "notification-url": "https://packagist.org/downloads/",
            "license": [
                "MIT"
            ],
            "authors": [
                {
                    "name": "Andrey Helldar",
                    "email": "helldar@ai-rus.com"
                }
            ],
            "description": "Support package is a collection of helpers and tools for projects.",
            "keywords": [
                "framework",
                "laravel",
                "support",
                "symfony",
                "yii",
                "yii2"
            ],
            "time": "2020-01-27T08:08:38+00:00"
        },
        {
            "name": "caouecs/laravel-lang",
            "version": "4.0.8",
            "source": {
                "type": "git",
                "url": "https://github.com/caouecs/Laravel-lang.git",
                "reference": "b508ae398fc1a8453a6877229e57460dd07ecfa2"
            },
            "dist": {
                "type": "zip",
                "url": "https://api.github.com/repos/caouecs/Laravel-lang/zipball/b508ae398fc1a8453a6877229e57460dd07ecfa2",
                "reference": "b508ae398fc1a8453a6877229e57460dd07ecfa2",
                "shasum": ""
            },
            "require": {
                "ext-json": "*"
            },
            "require-dev": {
                "friendsofphp/php-cs-fixer": "^2.10"
            },
            "suggest": {
                "ablunier/laravel-lang-installer": "Command for easily add languages to a Laravel project",
                "andrey-helldar/laravel-lang-publisher": "Easy installation and update of translation files for your project",
                "arcanedev/laravel-lang": "Translations manager and checker for Laravel 5",
                "overtrue/laravel-lang": "Command to add languages in your project"
            },
            "type": "library",
            "notification-url": "https://packagist.org/downloads/",
            "license": [
                "MIT"
            ],
            "authors": [
                {
                    "name": "caouecs",
                    "email": "caouecs@caouecs.net"
                }
            ],
            "description": "Languages for Laravel",
            "keywords": [
                "lang",
                "languages",
                "laravel",
                "lpm"
            ],
            "time": "2019-12-19T09:38:31+00:00"
        },
        {
            "name": "doctrine/inflector",
            "version": "1.3.1",
            "source": {
                "type": "git",
                "url": "https://github.com/doctrine/inflector.git",
                "reference": "ec3a55242203ffa6a4b27c58176da97ff0a7aec1"
            },
            "dist": {
                "type": "zip",
                "url": "https://api.github.com/repos/doctrine/inflector/zipball/ec3a55242203ffa6a4b27c58176da97ff0a7aec1",
                "reference": "ec3a55242203ffa6a4b27c58176da97ff0a7aec1",
                "shasum": ""
            },
            "require": {
                "php": "^7.1"
            },
            "require-dev": {
                "phpunit/phpunit": "^6.2"
            },
            "type": "library",
            "extra": {
                "branch-alias": {
                    "dev-master": "1.3.x-dev"
                }
            },
            "autoload": {
                "psr-4": {
                    "Doctrine\\Common\\Inflector\\": "lib/Doctrine/Common/Inflector"
                }
            },
            "notification-url": "https://packagist.org/downloads/",
            "license": [
                "MIT"
            ],
            "authors": [
                {
                    "name": "Guilherme Blanco",
                    "email": "guilhermeblanco@gmail.com"
                },
                {
                    "name": "Roman Borschel",
                    "email": "roman@code-factory.org"
                },
                {
                    "name": "Benjamin Eberlei",
                    "email": "kontakt@beberlei.de"
                },
                {
                    "name": "Jonathan Wage",
                    "email": "jonwage@gmail.com"
                },
                {
                    "name": "Johannes Schmitt",
                    "email": "schmittjoh@gmail.com"
                }
            ],
            "description": "Common String Manipulations with regard to casing and singular/plural rules.",
            "homepage": "http://www.doctrine-project.org",
            "keywords": [
                "inflection",
                "pluralize",
                "singularize",
                "string"
            ],
            "time": "2019-10-30T19:59:35+00:00"
        },
        {
            "name": "illuminate/console",
            "version": "v6.12.0",
            "source": {
                "type": "git",
                "url": "https://github.com/illuminate/console.git",
                "reference": "35feac8cdc402b66bda205f86e4c72748821423f"
            },
            "dist": {
                "type": "zip",
                "url": "https://api.github.com/repos/illuminate/console/zipball/35feac8cdc402b66bda205f86e4c72748821423f",
                "reference": "35feac8cdc402b66bda205f86e4c72748821423f",
                "shasum": ""
            },
            "require": {
                "illuminate/contracts": "^6.0",
                "illuminate/support": "^6.0",
                "php": "^7.2",
                "symfony/console": "^4.3.4",
                "symfony/process": "^4.3.4"
            },
            "suggest": {
                "dragonmantank/cron-expression": "Required to use scheduling component (^2.0).",
                "guzzlehttp/guzzle": "Required to use the ping methods on schedules (^6.0).",
                "illuminate/filesystem": "Required to use the generator command (^6.0)"
            },
            "type": "library",
            "extra": {
                "branch-alias": {
                    "dev-master": "6.x-dev"
                }
            },
            "autoload": {
                "psr-4": {
                    "Illuminate\\Console\\": ""
                }
            },
            "notification-url": "https://packagist.org/downloads/",
            "license": [
                "MIT"
            ],
            "authors": [
                {
                    "name": "Taylor Otwell",
                    "email": "taylor@laravel.com"
                }
            ],
            "description": "The Illuminate Console package.",
            "homepage": "https://laravel.com",
            "time": "2020-01-07T13:47:03+00:00"
        },
        {
            "name": "illuminate/contracts",
            "version": "v6.12.0",
            "source": {
                "type": "git",
                "url": "https://github.com/illuminate/contracts.git",
                "reference": "f1326dfae72c646a8598138b446347954f5e991e"
            },
            "dist": {
                "type": "zip",
                "url": "https://api.github.com/repos/illuminate/contracts/zipball/f1326dfae72c646a8598138b446347954f5e991e",
                "reference": "f1326dfae72c646a8598138b446347954f5e991e",
                "shasum": ""
            },
            "require": {
                "php": "^7.2",
                "psr/container": "^1.0",
                "psr/simple-cache": "^1.0"
            },
            "type": "library",
            "extra": {
                "branch-alias": {
                    "dev-master": "6.x-dev"
                }
            },
            "autoload": {
                "psr-4": {
                    "Illuminate\\Contracts\\": ""
                }
            },
            "notification-url": "https://packagist.org/downloads/",
            "license": [
                "MIT"
            ],
            "authors": [
                {
                    "name": "Taylor Otwell",
                    "email": "taylor@laravel.com"
                }
            ],
            "description": "The Illuminate Contracts package.",
            "homepage": "https://laravel.com",
            "time": "2020-01-07T13:47:03+00:00"
        },
        {
            "name": "illuminate/support",
            "version": "v6.12.0",
            "source": {
                "type": "git",
                "url": "https://github.com/illuminate/support.git",
                "reference": "0c6bf7cd56a63e46358e6443f90293e429546bc8"
            },
            "dist": {
                "type": "zip",
                "url": "https://api.github.com/repos/illuminate/support/zipball/0c6bf7cd56a63e46358e6443f90293e429546bc8",
                "reference": "0c6bf7cd56a63e46358e6443f90293e429546bc8",
                "shasum": ""
            },
            "require": {
                "doctrine/inflector": "^1.1",
                "ext-json": "*",
                "ext-mbstring": "*",
                "illuminate/contracts": "^6.0",
                "nesbot/carbon": "^2.0",
                "php": "^7.2"
            },
            "conflict": {
                "tightenco/collect": "<5.5.33"
            },
            "suggest": {
                "illuminate/filesystem": "Required to use the composer class (^6.0).",
                "moontoast/math": "Required to use ordered UUIDs (^1.1).",
                "ramsey/uuid": "Required to use Str::uuid() (^3.7).",
                "symfony/process": "Required to use the composer class (^4.3.4).",
                "symfony/var-dumper": "Required to use the dd function (^4.3.4).",
                "vlucas/phpdotenv": "Required to use the Env class and env helper (^3.3)."
            },
            "type": "library",
            "extra": {
                "branch-alias": {
                    "dev-master": "6.x-dev"
                }
            },
            "autoload": {
                "psr-4": {
                    "Illuminate\\Support\\": ""
                },
                "files": [
                    "helpers.php"
                ]
            },
            "notification-url": "https://packagist.org/downloads/",
            "license": [
                "MIT"
            ],
            "authors": [
                {
                    "name": "Taylor Otwell",
                    "email": "taylor@laravel.com"
                }
            ],
            "description": "The Illuminate Support package.",
            "homepage": "https://laravel.com",
            "time": "2020-01-21T13:52:46+00:00"
        },
        {
            "name": "nesbot/carbon",
            "version": "2.29.1",
            "source": {
                "type": "git",
                "url": "https://github.com/briannesbitt/Carbon.git",
                "reference": "e509be5bf2d703390e69e14496d9a1168452b0a2"
            },
            "dist": {
                "type": "zip",
                "url": "https://api.github.com/repos/briannesbitt/Carbon/zipball/e509be5bf2d703390e69e14496d9a1168452b0a2",
                "reference": "e509be5bf2d703390e69e14496d9a1168452b0a2",
                "shasum": ""
            },
            "require": {
                "ext-json": "*",
                "php": "^7.1.8 || ^8.0",
                "symfony/translation": "^3.4 || ^4.0 || ^5.0"
            },
            "require-dev": {
                "friendsofphp/php-cs-fixer": "^2.14 || ^3.0",
                "kylekatarnls/multi-tester": "^1.1",
                "phpmd/phpmd": "^2.8",
                "phpstan/phpstan": "^0.11",
                "phpunit/phpunit": "^7.5 || ^8.0",
                "squizlabs/php_codesniffer": "^3.4"
            },
            "bin": [
                "bin/carbon"
            ],
            "type": "library",
            "extra": {
                "branch-alias": {
                    "dev-master": "2.x-dev"
                },
                "laravel": {
                    "providers": [
                        "Carbon\\Laravel\\ServiceProvider"
                    ]
                }
            },
            "autoload": {
                "psr-4": {
                    "Carbon\\": "src/Carbon/"
                }
            },
            "notification-url": "https://packagist.org/downloads/",
            "license": [
                "MIT"
            ],
            "authors": [
                {
                    "name": "Brian Nesbitt",
                    "email": "brian@nesbot.com",
                    "homepage": "http://nesbot.com"
                },
                {
                    "name": "kylekatarnls",
                    "homepage": "http://github.com/kylekatarnls"
                }
            ],
            "description": "An API extension for DateTime that supports 281 different languages.",
            "homepage": "http://carbon.nesbot.com",
            "keywords": [
                "date",
                "datetime",
                "time"
            ],
            "time": "2020-01-21T09:36:43+00:00"
        },
        {
            "name": "psr/container",
            "version": "1.0.0",
            "source": {
                "type": "git",
                "url": "https://github.com/php-fig/container.git",
                "reference": "b7ce3b176482dbbc1245ebf52b181af44c2cf55f"
            },
            "dist": {
                "type": "zip",
                "url": "https://api.github.com/repos/php-fig/container/zipball/b7ce3b176482dbbc1245ebf52b181af44c2cf55f",
                "reference": "b7ce3b176482dbbc1245ebf52b181af44c2cf55f",
                "shasum": ""
            },
            "require": {
                "php": ">=5.3.0"
            },
            "type": "library",
            "extra": {
                "branch-alias": {
                    "dev-master": "1.0.x-dev"
                }
            },
            "autoload": {
                "psr-4": {
                    "Psr\\Container\\": "src/"
                }
            },
            "notification-url": "https://packagist.org/downloads/",
            "license": [
                "MIT"
            ],
            "authors": [
                {
                    "name": "PHP-FIG",
                    "homepage": "http://www.php-fig.org/"
                }
            ],
            "description": "Common Container Interface (PHP FIG PSR-11)",
            "homepage": "https://github.com/php-fig/container",
            "keywords": [
                "PSR-11",
                "container",
                "container-interface",
                "container-interop",
                "psr"
            ],
            "time": "2017-02-14T16:28:37+00:00"
        },
        {
            "name": "psr/simple-cache",
            "version": "1.0.1",
            "source": {
                "type": "git",
                "url": "https://github.com/php-fig/simple-cache.git",
                "reference": "408d5eafb83c57f6365a3ca330ff23aa4a5fa39b"
            },
            "dist": {
                "type": "zip",
                "url": "https://api.github.com/repos/php-fig/simple-cache/zipball/408d5eafb83c57f6365a3ca330ff23aa4a5fa39b",
                "reference": "408d5eafb83c57f6365a3ca330ff23aa4a5fa39b",
                "shasum": ""
            },
            "require": {
                "php": ">=5.3.0"
            },
            "type": "library",
            "extra": {
                "branch-alias": {
                    "dev-master": "1.0.x-dev"
                }
            },
            "autoload": {
                "psr-4": {
                    "Psr\\SimpleCache\\": "src/"
                }
            },
            "notification-url": "https://packagist.org/downloads/",
            "license": [
                "MIT"
            ],
            "authors": [
                {
                    "name": "PHP-FIG",
                    "homepage": "http://www.php-fig.org/"
                }
            ],
            "description": "Common interfaces for simple caching",
            "keywords": [
                "cache",
                "caching",
                "psr",
                "psr-16",
                "simple-cache"
            ],
            "time": "2017-10-23T01:57:42+00:00"
        },
        {
            "name": "symfony/console",
            "version": "v4.4.3",
            "source": {
                "type": "git",
                "url": "https://github.com/symfony/console.git",
                "reference": "e9ee09d087e2c88eaf6e5fc0f5c574f64d100e4f"
            },
            "dist": {
                "type": "zip",
                "url": "https://api.github.com/repos/symfony/console/zipball/e9ee09d087e2c88eaf6e5fc0f5c574f64d100e4f",
                "reference": "e9ee09d087e2c88eaf6e5fc0f5c574f64d100e4f",
                "shasum": ""
            },
            "require": {
                "php": "^7.1.3",
                "symfony/polyfill-mbstring": "~1.0",
                "symfony/polyfill-php73": "^1.8",
                "symfony/service-contracts": "^1.1|^2"
            },
            "conflict": {
                "symfony/dependency-injection": "<3.4",
                "symfony/event-dispatcher": "<4.3|>=5",
                "symfony/lock": "<4.4",
                "symfony/process": "<3.3"
            },
            "provide": {
                "psr/log-implementation": "1.0"
            },
            "require-dev": {
                "psr/log": "~1.0",
                "symfony/config": "^3.4|^4.0|^5.0",
                "symfony/dependency-injection": "^3.4|^4.0|^5.0",
                "symfony/event-dispatcher": "^4.3",
                "symfony/lock": "^4.4|^5.0",
                "symfony/process": "^3.4|^4.0|^5.0",
                "symfony/var-dumper": "^4.3|^5.0"
            },
            "suggest": {
                "psr/log": "For using the console logger",
                "symfony/event-dispatcher": "",
                "symfony/lock": "",
                "symfony/process": ""
            },
            "type": "library",
            "extra": {
                "branch-alias": {
                    "dev-master": "4.4-dev"
                }
            },
            "autoload": {
                "psr-4": {
                    "Symfony\\Component\\Console\\": ""
                },
                "exclude-from-classmap": [
                    "/Tests/"
                ]
            },
            "notification-url": "https://packagist.org/downloads/",
            "license": [
                "MIT"
            ],
            "authors": [
                {
                    "name": "Fabien Potencier",
                    "email": "fabien@symfony.com"
                },
                {
                    "name": "Symfony Community",
                    "homepage": "https://symfony.com/contributors"
                }
            ],
            "description": "Symfony Console Component",
            "homepage": "https://symfony.com",
            "time": "2020-01-10T21:54:01+00:00"
        },
        {
            "name": "symfony/polyfill-mbstring",
            "version": "v1.13.1",
            "source": {
                "type": "git",
                "url": "https://github.com/symfony/polyfill-mbstring.git",
                "reference": "7b4aab9743c30be783b73de055d24a39cf4b954f"
            },
            "dist": {
                "type": "zip",
                "url": "https://api.github.com/repos/symfony/polyfill-mbstring/zipball/7b4aab9743c30be783b73de055d24a39cf4b954f",
                "reference": "7b4aab9743c30be783b73de055d24a39cf4b954f",
                "shasum": ""
            },
            "require": {
                "php": ">=5.3.3"
            },
            "suggest": {
                "ext-mbstring": "For best performance"
            },
            "type": "library",
            "extra": {
                "branch-alias": {
                    "dev-master": "1.13-dev"
                }
            },
            "autoload": {
                "psr-4": {
                    "Symfony\\Polyfill\\Mbstring\\": ""
                },
                "files": [
                    "bootstrap.php"
                ]
            },
            "notification-url": "https://packagist.org/downloads/",
            "license": [
                "MIT"
            ],
            "authors": [
                {
                    "name": "Nicolas Grekas",
                    "email": "p@tchwork.com"
                },
                {
                    "name": "Symfony Community",
                    "homepage": "https://symfony.com/contributors"
                }
            ],
            "description": "Symfony polyfill for the Mbstring extension",
            "homepage": "https://symfony.com",
            "keywords": [
                "compatibility",
                "mbstring",
                "polyfill",
                "portable",
                "shim"
            ],
            "time": "2019-11-27T14:18:11+00:00"
        },
        {
            "name": "symfony/polyfill-php73",
            "version": "v1.13.1",
            "source": {
                "type": "git",
                "url": "https://github.com/symfony/polyfill-php73.git",
                "reference": "4b0e2222c55a25b4541305a053013d5647d3a25f"
            },
            "dist": {
                "type": "zip",
                "url": "https://api.github.com/repos/symfony/polyfill-php73/zipball/4b0e2222c55a25b4541305a053013d5647d3a25f",
                "reference": "4b0e2222c55a25b4541305a053013d5647d3a25f",
                "shasum": ""
            },
            "require": {
                "php": ">=5.3.3"
            },
            "type": "library",
            "extra": {
                "branch-alias": {
                    "dev-master": "1.13-dev"
                }
            },
            "autoload": {
                "psr-4": {
                    "Symfony\\Polyfill\\Php73\\": ""
                },
                "files": [
                    "bootstrap.php"
                ],
                "classmap": [
                    "Resources/stubs"
                ]
            },
            "notification-url": "https://packagist.org/downloads/",
            "license": [
                "MIT"
            ],
            "authors": [
                {
                    "name": "Nicolas Grekas",
                    "email": "p@tchwork.com"
                },
                {
                    "name": "Symfony Community",
                    "homepage": "https://symfony.com/contributors"
                }
            ],
            "description": "Symfony polyfill backporting some PHP 7.3+ features to lower PHP versions",
            "homepage": "https://symfony.com",
            "keywords": [
                "compatibility",
                "polyfill",
                "portable",
                "shim"
            ],
            "time": "2019-11-27T16:25:15+00:00"
        },
        {
            "name": "symfony/process",
            "version": "v4.4.3",
            "source": {
                "type": "git",
                "url": "https://github.com/symfony/process.git",
                "reference": "f5697ab4cb14a5deed7473819e63141bf5352c36"
            },
            "dist": {
                "type": "zip",
                "url": "https://api.github.com/repos/symfony/process/zipball/f5697ab4cb14a5deed7473819e63141bf5352c36",
                "reference": "f5697ab4cb14a5deed7473819e63141bf5352c36",
                "shasum": ""
            },
            "require": {
                "php": "^7.1.3"
            },
            "type": "library",
            "extra": {
                "branch-alias": {
                    "dev-master": "4.4-dev"
                }
            },
            "autoload": {
                "psr-4": {
                    "Symfony\\Component\\Process\\": ""
                },
                "exclude-from-classmap": [
                    "/Tests/"
                ]
            },
            "notification-url": "https://packagist.org/downloads/",
            "license": [
                "MIT"
            ],
            "authors": [
                {
                    "name": "Fabien Potencier",
                    "email": "fabien@symfony.com"
                },
                {
                    "name": "Symfony Community",
                    "homepage": "https://symfony.com/contributors"
                }
            ],
            "description": "Symfony Process Component",
            "homepage": "https://symfony.com",
            "time": "2020-01-09T09:50:08+00:00"
        },
        {
            "name": "symfony/service-contracts",
            "version": "v2.0.1",
            "source": {
                "type": "git",
                "url": "https://github.com/symfony/service-contracts.git",
                "reference": "144c5e51266b281231e947b51223ba14acf1a749"
            },
            "dist": {
                "type": "zip",
                "url": "https://api.github.com/repos/symfony/service-contracts/zipball/144c5e51266b281231e947b51223ba14acf1a749",
                "reference": "144c5e51266b281231e947b51223ba14acf1a749",
                "shasum": ""
            },
            "require": {
                "php": "^7.2.5",
                "psr/container": "^1.0"
            },
            "suggest": {
                "symfony/service-implementation": ""
            },
            "type": "library",
            "extra": {
                "branch-alias": {
                    "dev-master": "2.0-dev"
                }
            },
            "autoload": {
                "psr-4": {
                    "Symfony\\Contracts\\Service\\": ""
                }
            },
            "notification-url": "https://packagist.org/downloads/",
            "license": [
                "MIT"
            ],
            "authors": [
                {
                    "name": "Nicolas Grekas",
                    "email": "p@tchwork.com"
                },
                {
                    "name": "Symfony Community",
                    "homepage": "https://symfony.com/contributors"
                }
            ],
            "description": "Generic abstractions related to writing services",
            "homepage": "https://symfony.com",
            "keywords": [
                "abstractions",
                "contracts",
                "decoupling",
                "interfaces",
                "interoperability",
                "standards"
            ],
            "time": "2019-11-18T17:27:11+00:00"
        },
        {
            "name": "symfony/translation",
            "version": "v5.0.3",
            "source": {
                "type": "git",
                "url": "https://github.com/symfony/translation.git",
                "reference": "28e1054f1ea26c63762d9260c37cb1056ea62dbb"
            },
            "dist": {
                "type": "zip",
                "url": "https://api.github.com/repos/symfony/translation/zipball/28e1054f1ea26c63762d9260c37cb1056ea62dbb",
                "reference": "28e1054f1ea26c63762d9260c37cb1056ea62dbb",
                "shasum": ""
            },
            "require": {
                "php": "^7.2.5",
                "symfony/polyfill-mbstring": "~1.0",
                "symfony/translation-contracts": "^2"
            },
            "conflict": {
                "symfony/config": "<4.4",
                "symfony/dependency-injection": "<5.0",
                "symfony/http-kernel": "<5.0",
                "symfony/twig-bundle": "<5.0",
                "symfony/yaml": "<4.4"
            },
            "provide": {
                "symfony/translation-implementation": "2.0"
            },
            "require-dev": {
                "psr/log": "~1.0",
                "symfony/config": "^4.4|^5.0",
                "symfony/console": "^4.4|^5.0",
                "symfony/dependency-injection": "^5.0",
                "symfony/finder": "^4.4|^5.0",
                "symfony/http-kernel": "^5.0",
                "symfony/intl": "^4.4|^5.0",
                "symfony/service-contracts": "^1.1.2|^2",
                "symfony/yaml": "^4.4|^5.0"
            },
            "suggest": {
                "psr/log-implementation": "To use logging capability in translator",
                "symfony/config": "",
                "symfony/yaml": ""
            },
            "type": "library",
            "extra": {
                "branch-alias": {
                    "dev-master": "5.0-dev"
                }
            },
            "autoload": {
                "psr-4": {
                    "Symfony\\Component\\Translation\\": ""
                },
                "exclude-from-classmap": [
                    "/Tests/"
                ]
            },
            "notification-url": "https://packagist.org/downloads/",
            "license": [
                "MIT"
            ],
            "authors": [
                {
                    "name": "Fabien Potencier",
                    "email": "fabien@symfony.com"
                },
                {
                    "name": "Symfony Community",
                    "homepage": "https://symfony.com/contributors"
                }
            ],
            "description": "Symfony Translation Component",
            "homepage": "https://symfony.com",
            "time": "2020-01-21T08:40:24+00:00"
        },
        {
            "name": "symfony/translation-contracts",
            "version": "v2.0.1",
            "source": {
                "type": "git",
                "url": "https://github.com/symfony/translation-contracts.git",
                "reference": "8cc682ac458d75557203b2f2f14b0b92e1c744ed"
            },
            "dist": {
                "type": "zip",
                "url": "https://api.github.com/repos/symfony/translation-contracts/zipball/8cc682ac458d75557203b2f2f14b0b92e1c744ed",
                "reference": "8cc682ac458d75557203b2f2f14b0b92e1c744ed",
                "shasum": ""
            },
            "require": {
                "php": "^7.2.5"
            },
            "suggest": {
                "symfony/translation-implementation": ""
            },
            "type": "library",
            "extra": {
                "branch-alias": {
                    "dev-master": "2.0-dev"
                }
            },
            "autoload": {
                "psr-4": {
                    "Symfony\\Contracts\\Translation\\": ""
                }
            },
            "notification-url": "https://packagist.org/downloads/",
            "license": [
                "MIT"
            ],
            "authors": [
                {
                    "name": "Nicolas Grekas",
                    "email": "p@tchwork.com"
                },
                {
                    "name": "Symfony Community",
                    "homepage": "https://symfony.com/contributors"
                }
            ],
            "description": "Generic abstractions related to translation",
            "homepage": "https://symfony.com",
            "keywords": [
                "abstractions",
                "contracts",
                "decoupling",
                "interfaces",
                "interoperability",
                "standards"
            ],
            "time": "2019-11-18T17:27:11+00:00"
        }
    ],
    "packages-dev": [],
    "aliases": [],
    "minimum-stability": "stable",
    "stability-flags": [],
    "prefer-stable": true,
    "prefer-lowest": false,
    "platform": {
        "php": "^7.1.3"
    },
    "platform-dev": []
}
