{
    "_readme": [
        "This file locks the dependencies of your project to a known state",
        "Read more about it at https://getcomposer.org/doc/01-basic-usage.md#composer-lock-the-lock-file",
        "This file is @generated automatically"
    ],
    "content-hash": "6fb4d539c03c0419c4245caf7d5b9932",
    "packages": [
        {
            "name": "caouecs/laravel-lang",
            "version": "3.0.41",
            "source": {
                "type": "git",
                "url": "https://github.com/caouecs/Laravel-lang.git",
                "reference": "1ec55fb2d6315fd4f977c5e2419ba530efea5d3f"
            },
            "dist": {
                "type": "zip",
                "url": "https://api.github.com/repos/caouecs/Laravel-lang/zipball/1ec55fb2d6315fd4f977c5e2419ba530efea5d3f",
                "reference": "1ec55fb2d6315fd4f977c5e2419ba530efea5d3f",
                "shasum": ""
            },
            "require-dev": {
                "friendsofphp/php-cs-fixer": "^1.10"
            },
            "suggest": {
                "ablunier/laravel-lang-installer": "Command for easily add languages to a Laravel project",
                "arcanedev/laravel-lang": "Translations manager and checker for Laravel 5",
                "overtrue/laravel-lang": "Command to add languages in your project"
            },
            "type": "library",
            "notification-url": "https://packagist.org/downloads/",
            "license": [
                "MIT"
            ],
            "authors": [
                {
                    "name": "caouecs",
                    "email": "caouecs@caouecs.net"
                }
            ],
            "description": "Languages for Laravel",
            "keywords": [
                "lang",
                "languages",
                "laravel",
                "lpm"
            ],
            "time": "2018-01-19T08:47:27+00:00"
        },
        {
            "name": "doctrine/inflector",
            "version": "v1.3.0",
            "source": {
                "type": "git",
                "url": "https://github.com/doctrine/inflector.git",
                "reference": "5527a48b7313d15261292c149e55e26eae771b0a"
            },
            "dist": {
                "type": "zip",
                "url": "https://api.github.com/repos/doctrine/inflector/zipball/5527a48b7313d15261292c149e55e26eae771b0a",
                "reference": "5527a48b7313d15261292c149e55e26eae771b0a",
                "shasum": ""
            },
            "require": {
                "php": "^7.1"
            },
            "require-dev": {
                "phpunit/phpunit": "^6.2"
            },
            "type": "library",
            "extra": {
                "branch-alias": {
                    "dev-master": "1.3.x-dev"
                }
            },
            "autoload": {
                "psr-4": {
                    "Doctrine\\Common\\Inflector\\": "lib/Doctrine/Common/Inflector"
                }
            },
            "notification-url": "https://packagist.org/downloads/",
            "license": [
                "MIT"
            ],
            "authors": [
                {
                    "name": "Roman Borschel",
                    "email": "roman@code-factory.org"
                },
                {
                    "name": "Benjamin Eberlei",
                    "email": "kontakt@beberlei.de"
                },
                {
                    "name": "Guilherme Blanco",
                    "email": "guilhermeblanco@gmail.com"
                },
                {
                    "name": "Jonathan Wage",
                    "email": "jonwage@gmail.com"
                },
                {
                    "name": "Johannes Schmitt",
                    "email": "schmittjoh@gmail.com"
                }
            ],
            "description": "Common String Manipulations with regard to casing and singular/plural rules.",
            "homepage": "http://www.doctrine-project.org",
            "keywords": [
                "inflection",
                "pluralize",
                "singularize",
                "string"
            ],
            "time": "2018-01-09T20:05:19+00:00"
        },
        {
            "name": "illuminate/console",
            "version": "v5.5.28",
            "source": {
                "type": "git",
                "url": "https://github.com/illuminate/console.git",
                "reference": "87c3a0941654e0bffcd6fa15bc574c855071a338"
            },
            "dist": {
                "type": "zip",
                "url": "https://api.github.com/repos/illuminate/console/zipball/87c3a0941654e0bffcd6fa15bc574c855071a338",
                "reference": "87c3a0941654e0bffcd6fa15bc574c855071a338",
                "shasum": ""
            },
            "require": {
                "illuminate/contracts": "5.5.*",
                "illuminate/support": "5.5.*",
                "php": ">=7.0",
                "symfony/console": "~3.3"
            },
            "suggest": {
                "guzzlehttp/guzzle": "Required to use the ping methods on schedules (~6.0).",
                "mtdowling/cron-expression": "Required to use scheduling component (~1.0).",
                "symfony/process": "Required to use scheduling component (~3.3)."
            },
            "type": "library",
            "extra": {
                "branch-alias": {
                    "dev-master": "5.5-dev"
                }
            },
            "autoload": {
                "psr-4": {
                    "Illuminate\\Console\\": ""
                }
            },
            "notification-url": "https://packagist.org/downloads/",
            "license": [
                "MIT"
            ],
            "authors": [
                {
                    "name": "Taylor Otwell",
                    "email": "taylor@laravel.com"
                }
            ],
            "description": "The Illuminate Console package.",
            "homepage": "https://laravel.com",
            "time": "2017-12-26T14:46:43+00:00"
        },
        {
            "name": "illuminate/contracts",
            "version": "v5.5.28",
            "source": {
                "type": "git",
                "url": "https://github.com/illuminate/contracts.git",
                "reference": "03e9014d2091a30b025c895aa6d39c2755576ea5"
            },
            "dist": {
                "type": "zip",
                "url": "https://api.github.com/repos/illuminate/contracts/zipball/03e9014d2091a30b025c895aa6d39c2755576ea5",
                "reference": "03e9014d2091a30b025c895aa6d39c2755576ea5",
                "shasum": ""
            },
            "require": {
                "php": ">=7.0",
                "psr/container": "~1.0",
                "psr/simple-cache": "~1.0"
            },
            "type": "library",
            "extra": {
                "branch-alias": {
                    "dev-master": "5.5-dev"
                }
            },
            "autoload": {
                "psr-4": {
                    "Illuminate\\Contracts\\": ""
                }
            },
            "notification-url": "https://packagist.org/downloads/",
            "license": [
                "MIT"
            ],
            "authors": [
                {
                    "name": "Taylor Otwell",
                    "email": "taylor@laravel.com"
                }
            ],
            "description": "The Illuminate Contracts package.",
            "homepage": "https://laravel.com",
            "time": "2017-11-22T19:01:14+00:00"
        },
        {
            "name": "illuminate/support",
            "version": "v5.5.28",
            "source": {
                "type": "git",
                "url": "https://github.com/illuminate/support.git",
                "reference": "4db3cc82b483172b1b25d9dfcec684927f5c8cf9"
            },
            "dist": {
                "type": "zip",
                "url": "https://api.github.com/repos/illuminate/support/zipball/4db3cc82b483172b1b25d9dfcec684927f5c8cf9",
                "reference": "4db3cc82b483172b1b25d9dfcec684927f5c8cf9",
                "shasum": ""
            },
            "require": {
                "doctrine/inflector": "~1.1",
                "ext-mbstring": "*",
                "illuminate/contracts": "5.5.*",
                "nesbot/carbon": "^1.20",
                "php": ">=7.0"
            },
            "replace": {
                "tightenco/collect": "self.version"
            },
            "suggest": {
                "illuminate/filesystem": "Required to use the composer class (5.2.*).",
                "symfony/process": "Required to use the composer class (~3.3).",
                "symfony/var-dumper": "Required to use the dd function (~3.3)."
            },
            "type": "library",
            "extra": {
                "branch-alias": {
                    "dev-master": "5.5-dev"
                }
            },
            "autoload": {
                "psr-4": {
                    "Illuminate\\Support\\": ""
                },
                "files": [
                    "helpers.php"
                ]
            },
            "notification-url": "https://packagist.org/downloads/",
            "license": [
                "MIT"
            ],
            "authors": [
                {
                    "name": "Taylor Otwell",
                    "email": "taylor@laravel.com"
                }
            ],
            "description": "The Illuminate Support package.",
            "homepage": "https://laravel.com",
            "time": "2017-12-24T20:02:59+00:00"
        },
        {
            "name": "nesbot/carbon",
            "version": "1.22.1",
            "source": {
                "type": "git",
                "url": "https://github.com/briannesbitt/Carbon.git",
                "reference": "7cdf42c0b1cc763ab7e4c33c47a24e27c66bfccc"
            },
            "dist": {
                "type": "zip",
                "url": "https://api.github.com/repos/briannesbitt/Carbon/zipball/7cdf42c0b1cc763ab7e4c33c47a24e27c66bfccc",
                "reference": "7cdf42c0b1cc763ab7e4c33c47a24e27c66bfccc",
                "shasum": ""
            },
            "require": {
                "php": ">=5.3.0",
                "symfony/translation": "~2.6 || ~3.0"
            },
            "require-dev": {
                "friendsofphp/php-cs-fixer": "~2",
                "phpunit/phpunit": "~4.0 || ~5.0"
            },
            "type": "library",
            "extra": {
                "branch-alias": {
                    "dev-master": "1.23-dev"
                }
            },
            "autoload": {
                "psr-4": {
                    "Carbon\\": "src/Carbon/"
                }
            },
            "notification-url": "https://packagist.org/downloads/",
            "license": [
                "MIT"
            ],
            "authors": [
                {
                    "name": "Brian Nesbitt",
                    "email": "brian@nesbot.com",
                    "homepage": "http://nesbot.com"
                }
            ],
            "description": "A simple API extension for DateTime.",
            "homepage": "http://carbon.nesbot.com",
            "keywords": [
                "date",
                "datetime",
                "time"
            ],
            "time": "2017-01-16T07:55:07+00:00"
        },
        {
            "name": "psr/container",
            "version": "1.0.0",
            "source": {
                "type": "git",
                "url": "https://github.com/php-fig/container.git",
                "reference": "b7ce3b176482dbbc1245ebf52b181af44c2cf55f"
            },
            "dist": {
                "type": "zip",
                "url": "https://api.github.com/repos/php-fig/container/zipball/b7ce3b176482dbbc1245ebf52b181af44c2cf55f",
                "reference": "b7ce3b176482dbbc1245ebf52b181af44c2cf55f",
                "shasum": ""
            },
            "require": {
                "php": ">=5.3.0"
            },
            "type": "library",
            "extra": {
                "branch-alias": {
                    "dev-master": "1.0.x-dev"
                }
            },
            "autoload": {
                "psr-4": {
                    "Psr\\Container\\": "src/"
                }
            },
            "notification-url": "https://packagist.org/downloads/",
            "license": [
                "MIT"
            ],
            "authors": [
                {
                    "name": "PHP-FIG",
                    "homepage": "http://www.php-fig.org/"
                }
            ],
            "description": "Common Container Interface (PHP FIG PSR-11)",
            "homepage": "https://github.com/php-fig/container",
            "keywords": [
                "PSR-11",
                "container",
                "container-interface",
                "container-interop",
                "psr"
            ],
            "time": "2017-02-14T16:28:37+00:00"
        },
        {
            "name": "psr/log",
            "version": "1.0.2",
            "source": {
                "type": "git",
                "url": "https://github.com/php-fig/log.git",
                "reference": "4ebe3a8bf773a19edfe0a84b6585ba3d401b724d"
            },
            "dist": {
                "type": "zip",
                "url": "https://api.github.com/repos/php-fig/log/zipball/4ebe3a8bf773a19edfe0a84b6585ba3d401b724d",
                "reference": "4ebe3a8bf773a19edfe0a84b6585ba3d401b724d",
                "shasum": ""
            },
            "require": {
                "php": ">=5.3.0"
            },
            "type": "library",
            "extra": {
                "branch-alias": {
                    "dev-master": "1.0.x-dev"
                }
            },
            "autoload": {
                "psr-4": {
                    "Psr\\Log\\": "Psr/Log/"
                }
            },
            "notification-url": "https://packagist.org/downloads/",
            "license": [
                "MIT"
            ],
            "authors": [
                {
                    "name": "PHP-FIG",
                    "homepage": "http://www.php-fig.org/"
                }
            ],
            "description": "Common interface for logging libraries",
            "homepage": "https://github.com/php-fig/log",
            "keywords": [
                "log",
                "psr",
                "psr-3"
            ],
            "time": "2016-10-10T12:19:37+00:00"
        },
        {
            "name": "psr/simple-cache",
            "version": "1.0.0",
            "source": {
                "type": "git",
                "url": "https://github.com/php-fig/simple-cache.git",
                "reference": "753fa598e8f3b9966c886fe13f370baa45ef0e24"
            },
            "dist": {
                "type": "zip",
                "url": "https://api.github.com/repos/php-fig/simple-cache/zipball/753fa598e8f3b9966c886fe13f370baa45ef0e24",
                "reference": "753fa598e8f3b9966c886fe13f370baa45ef0e24",
                "shasum": ""
            },
            "require": {
                "php": ">=5.3.0"
            },
            "type": "library",
            "extra": {
                "branch-alias": {
                    "dev-master": "1.0.x-dev"
                }
            },
            "autoload": {
                "psr-4": {
                    "Psr\\SimpleCache\\": "src/"
                }
            },
            "notification-url": "https://packagist.org/downloads/",
            "license": [
                "MIT"
            ],
            "authors": [
                {
                    "name": "PHP-FIG",
                    "homepage": "http://www.php-fig.org/"
                }
            ],
            "description": "Common interfaces for simple caching",
            "keywords": [
                "cache",
                "caching",
                "psr",
                "psr-16",
                "simple-cache"
            ],
            "time": "2017-01-02T13:31:39+00:00"
        },
        {
            "name": "symfony/console",
            "version": "v3.4.3",
            "source": {
                "type": "git",
                "url": "https://github.com/symfony/console.git",
                "reference": "8394c8ef121949e8f858f13bc1e34f05169e4e7d"
            },
            "dist": {
                "type": "zip",
                "url": "https://api.github.com/repos/symfony/console/zipball/8394c8ef121949e8f858f13bc1e34f05169e4e7d",
                "reference": "8394c8ef121949e8f858f13bc1e34f05169e4e7d",
                "shasum": ""
            },
            "require": {
                "php": "^5.5.9|>=7.0.8",
                "symfony/debug": "~2.8|~3.0|~4.0",
                "symfony/polyfill-mbstring": "~1.0"
            },
            "conflict": {
                "symfony/dependency-injection": "<3.4",
                "symfony/process": "<3.3"
            },
            "require-dev": {
                "psr/log": "~1.0",
                "symfony/config": "~3.3|~4.0",
                "symfony/dependency-injection": "~3.4|~4.0",
                "symfony/event-dispatcher": "~2.8|~3.0|~4.0",
                "symfony/lock": "~3.4|~4.0",
                "symfony/process": "~3.3|~4.0"
            },
            "suggest": {
                "psr/log": "For using the console logger",
                "symfony/event-dispatcher": "",
                "symfony/lock": "",
                "symfony/process": ""
            },
            "type": "library",
            "extra": {
                "branch-alias": {
                    "dev-master": "3.4-dev"
                }
            },
            "autoload": {
                "psr-4": {
                    "Symfony\\Component\\Console\\": ""
                },
                "exclude-from-classmap": [
                    "/Tests/"
                ]
            },
            "notification-url": "https://packagist.org/downloads/",
            "license": [
                "MIT"
            ],
            "authors": [
                {
                    "name": "Fabien Potencier",
                    "email": "fabien@symfony.com"
                },
                {
                    "name": "Symfony Community",
                    "homepage": "https://symfony.com/contributors"
                }
            ],
            "description": "Symfony Console Component",
            "homepage": "https://symfony.com",
            "time": "2018-01-03T07:37:34+00:00"
        },
        {
            "name": "symfony/debug",
            "version": "v4.0.3",
            "source": {
                "type": "git",
                "url": "https://github.com/symfony/debug.git",
                "reference": "9ae4223a661b56a9abdce144de4886cca37f198f"
            },
            "dist": {
                "type": "zip",
                "url": "https://api.github.com/repos/symfony/debug/zipball/9ae4223a661b56a9abdce144de4886cca37f198f",
                "reference": "9ae4223a661b56a9abdce144de4886cca37f198f",
                "shasum": ""
            },
            "require": {
                "php": "^7.1.3",
                "psr/log": "~1.0"
            },
            "conflict": {
                "symfony/http-kernel": "<3.4"
            },
            "require-dev": {
                "symfony/http-kernel": "~3.4|~4.0"
            },
            "type": "library",
            "extra": {
                "branch-alias": {
                    "dev-master": "4.0-dev"
                }
            },
            "autoload": {
                "psr-4": {
                    "Symfony\\Component\\Debug\\": ""
                },
                "exclude-from-classmap": [
                    "/Tests/"
                ]
            },
            "notification-url": "https://packagist.org/downloads/",
            "license": [
                "MIT"
            ],
            "authors": [
                {
                    "name": "Fabien Potencier",
                    "email": "fabien@symfony.com"
                },
                {
                    "name": "Symfony Community",
                    "homepage": "https://symfony.com/contributors"
                }
            ],
            "description": "Symfony Debug Component",
            "homepage": "https://symfony.com",
            "time": "2018-01-03T17:15:19+00:00"
        },
        {
            "name": "symfony/polyfill-mbstring",
            "version": "v1.6.0",
            "source": {
                "type": "git",
                "url": "https://github.com/symfony/polyfill-mbstring.git",
                "reference": "2ec8b39c38cb16674bbf3fea2b6ce5bf117e1296"
            },
            "dist": {
                "type": "zip",
                "url": "https://api.github.com/repos/symfony/polyfill-mbstring/zipball/2ec8b39c38cb16674bbf3fea2b6ce5bf117e1296",
                "reference": "2ec8b39c38cb16674bbf3fea2b6ce5bf117e1296",
                "shasum": ""
            },
            "require": {
                "php": ">=5.3.3"
            },
            "suggest": {
                "ext-mbstring": "For best performance"
            },
            "type": "library",
            "extra": {
                "branch-alias": {
                    "dev-master": "1.6-dev"
                }
            },
            "autoload": {
                "psr-4": {
                    "Symfony\\Polyfill\\Mbstring\\": ""
                },
                "files": [
                    "bootstrap.php"
                ]
            },
            "notification-url": "https://packagist.org/downloads/",
            "license": [
                "MIT"
            ],
            "authors": [
                {
                    "name": "Nicolas Grekas",
                    "email": "p@tchwork.com"
                },
                {
                    "name": "Symfony Community",
                    "homepage": "https://symfony.com/contributors"
                }
            ],
            "description": "Symfony polyfill for the Mbstring extension",
            "homepage": "https://symfony.com",
            "keywords": [
                "compatibility",
                "mbstring",
                "polyfill",
                "portable",
                "shim"
            ],
            "time": "2017-10-11T12:05:26+00:00"
        },
        {
            "name": "symfony/translation",
            "version": "v3.4.3",
            "source": {
                "type": "git",
                "url": "https://github.com/symfony/translation.git",
                "reference": "17b5962d252b2d6d1d37a2485ebb7ddc5b2bef0a"
            },
            "dist": {
                "type": "zip",
                "url": "https://api.github.com/repos/symfony/translation/zipball/17b5962d252b2d6d1d37a2485ebb7ddc5b2bef0a",
                "reference": "17b5962d252b2d6d1d37a2485ebb7ddc5b2bef0a",
                "shasum": ""
            },
            "require": {
                "php": "^5.5.9|>=7.0.8",
                "symfony/polyfill-mbstring": "~1.0"
            },
            "conflict": {
                "symfony/config": "<2.8",
                "symfony/dependency-injection": "<3.4",
                "symfony/yaml": "<3.4"
            },
            "require-dev": {
                "psr/log": "~1.0",
                "symfony/config": "~2.8|~3.0|~4.0",
                "symfony/dependency-injection": "~3.4|~4.0",
                "symfony/finder": "~2.8|~3.0|~4.0",
                "symfony/intl": "^2.8.18|^3.2.5|~4.0",
                "symfony/yaml": "~3.4|~4.0"
            },
            "suggest": {
                "psr/log": "To use logging capability in translator",
                "symfony/config": "",
                "symfony/yaml": ""
            },
            "type": "library",
            "extra": {
                "branch-alias": {
                    "dev-master": "3.4-dev"
                }
            },
            "autoload": {
                "psr-4": {
                    "Symfony\\Component\\Translation\\": ""
                },
                "exclude-from-classmap": [
                    "/Tests/"
                ]
            },
            "notification-url": "https://packagist.org/downloads/",
            "license": [
                "MIT"
            ],
            "authors": [
                {
                    "name": "Fabien Potencier",
                    "email": "fabien@symfony.com"
                },
                {
                    "name": "Symfony Community",
                    "homepage": "https://symfony.com/contributors"
                }
            ],
            "description": "Symfony Translation Component",
            "homepage": "https://symfony.com",
            "time": "2018-01-03T07:37:34+00:00"
        }
    ],
    "packages-dev": [],
    "aliases": [],
    "minimum-stability": "stable",
    "stability-flags": [],
    "prefer-stable": true,
    "prefer-lowest": false,
    "platform": {
        "php": "~5.6|^7.0"
    },
    "platform-dev": []
}
